// !$*UTF8*$!
{
	archiveVersion = 1;
	classes = {
	};
	objectVersion = 48;
	objects = {

/* Begin PBXBuildFile section */
		50C3CF16204F643100DFDA9C /* main.swift in Sources */ = {isa = PBXBuildFile; fileRef = 50C3CF15204F643100DFDA9C /* main.swift */; };
		50C3CF23204F659700DFDA9C /* yudpsocket.c in Sources */ = {isa = PBXBuildFile; fileRef = 50C3CF1C204F659700DFDA9C /* yudpsocket.c */; };
		50C3CF24204F659700DFDA9C /* UDPClient.swift in Sources */ = {isa = PBXBuildFile; fileRef = 50C3CF1D204F659700DFDA9C /* UDPClient.swift */; };
		50C3CF25204F659700DFDA9C /* Result.swift in Sources */ = {isa = PBXBuildFile; fileRef = 50C3CF1E204F659700DFDA9C /* Result.swift */; };
		50C3CF26204F659700DFDA9C /* ytcpsocket.c in Sources */ = {isa = PBXBuildFile; fileRef = 50C3CF20204F659700DFDA9C /* ytcpsocket.c */; };
		50C3CF27204F659700DFDA9C /* TCPClient.swift in Sources */ = {isa = PBXBuildFile; fileRef = 50C3CF21204F659700DFDA9C /* TCPClient.swift */; };
		50C3CF28204F659700DFDA9C /* Socket.swift in Sources */ = {isa = PBXBuildFile; fileRef = 50C3CF22204F659700DFDA9C /* Socket.swift */; };
/* End PBXBuildFile section */

/* Begin PBXCopyFilesBuildPhase section */
		50C3CF10204F643100DFDA9C /* CopyFiles */ = {
			isa = PBXCopyFilesBuildPhase;
			buildActionMask = 2147483647;
			dstPath = /usr/share/man/man1/;
			dstSubfolderSpec = 0;
			files = (
			);
			runOnlyForDeploymentPostprocessing = 1;
		};
/* End PBXCopyFilesBuildPhase section */

/* Begin PBXFileReference section */
		50C3CF12204F643100DFDA9C /* MyServer */ = {isa = PBXFileReference; explicitFileType = "compiled.mach-o.executable"; includeInIndex = 0; path = MyServer; sourceTree = BUILT_PRODUCTS_DIR; };
		50C3CF15204F643100DFDA9C /* main.swift */ = {isa = PBXFileReference; lastKnownFileType = sourcecode.swift; path = main.swift; sourceTree = "<group>"; };
		50C3CF1C204F659700DFDA9C /* yudpsocket.c */ = {isa = PBXFileReference; fileEncoding = 4; lastKnownFileType = sourcecode.c.c; name = yudpsocket.c; path = ../../../SwiftSocket/Sources/yudpsocket.c; sourceTree = "<group>"; };
		50C3CF1D204F659700DFDA9C /* UDPClient.swift */ = {isa = PBXFileReference; fileEncoding = 4; lastKnownFileType = sourcecode.swift; name = UDPClient.swift; path = ../../../SwiftSocket/Sources/UDPClient.swift; sourceTree = "<group>"; };
		50C3CF1E204F659700DFDA9C /* Result.swift */ = {isa = PBXFileReference; fileEncoding = 4; lastKnownFileType = sourcecode.swift; name = Result.swift; path = ../../../SwiftSocket/Sources/Result.swift; sourceTree = "<group>"; };
		50C3CF1F204F659700DFDA9C /* SwiftSocket.h */ = {isa = PBXFileReference; fileEncoding = 4; lastKnownFileType = sourcecode.c.h; name = SwiftSocket.h; path = ../../../SwiftSocket/Sources/SwiftSocket.h; sourceTree = "<group>"; };
		50C3CF20204F659700DFDA9C /* ytcpsocket.c */ = {isa = PBXFileReference; fileEncoding = 4; lastKnownFileType = sourcecode.c.c; name = ytcpsocket.c; path = ../../../SwiftSocket/Sources/ytcpsocket.c; sourceTree = "<group>"; };
		50C3CF21204F659700DFDA9C /* TCPClient.swift */ = {isa = PBXFileReference; fileEncoding = 4; lastKnownFileType = sourcecode.swift; name = TCPClient.swift; path = ../../../SwiftSocket/Sources/TCPClient.swift; sourceTree = "<group>"; };
		50C3CF22204F659700DFDA9C /* Socket.swift */ = {isa = PBXFileReference; fileEncoding = 4; lastKnownFileType = sourcecode.swift; name = Socket.swift; path = ../../../SwiftSocket/Sources/Socket.swift; sourceTree = "<group>"; };
/* End PBXFileReference section */

/* Begin PBXFrameworksBuildPhase section */
		50C3CF0F204F643100DFDA9C /* Frameworks */ = {
			isa = PBXFrameworksBuildPhase;
			buildActionMask = 2147483647;
			files = (
			);
			runOnlyForDeploymentPostprocessing = 0;
		};
/* End PBXFrameworksBuildPhase section */

/* Begin PBXGroup section */
		50C3CF09204F643100DFDA9C = {
			isa = PBXGroup;
			children = (
				50C3CF14204F643100DFDA9C /* MyServer */,
				50C3CF13204F643100DFDA9C /* Products */,
			);
			sourceTree = "<group>";
		};
		50C3CF13204F643100DFDA9C /* Products */ = {
			isa = PBXGroup;
			children = (
				50C3CF12204F643100DFDA9C /* MyServer */,
			);
			name = Products;
			sourceTree = "<group>";
		};
		50C3CF14204F643100DFDA9C /* MyServer */ = {
			isa = PBXGroup;
			children = (
				50C3CF1E204F659700DFDA9C /* Result.swift */,
				50C3CF22204F659700DFDA9C /* Socket.swift */,
				50C3CF1F204F659700DFDA9C /* SwiftSocket.h */,
				50C3CF21204F659700DFDA9C /* TCPClient.swift */,
				50C3CF1D204F659700DFDA9C /* UDPClient.swift */,
				50C3CF20204F659700DFDA9C /* ytcpsocket.c */,
				50C3CF1C204F659700DFDA9C /* yudpsocket.c */,
				50C3CF15204F643100DFDA9C /* main.swift */,
			);
			path = MyServer;
			sourceTree = "<group>";
		};
/* End PBXGroup section */

/* Begin PBXNativeTarget section */
		50C3CF11204F643100DFDA9C /* MyServer */ = {
			isa = PBXNativeTarget;
			buildConfigurationList = 50C3CF19204F643100DFDA9C /* Build configuration list for PBXNativeTarget "MyServer" */;
			buildPhases = (
				50C3CF0E204F643100DFDA9C /* Sources */,
				50C3CF0F204F643100DFDA9C /* Frameworks */,
				50C3CF10204F643100DFDA9C /* CopyFiles */,
			);
			buildRules = (
			);
			dependencies = (
			);
			name = MyServer;
			productName = MyServer;
			productReference = 50C3CF12204F643100DFDA9C /* MyServer */;
			productType = "com.apple.product-type.tool";
		};
/* End PBXNativeTarget section */

/* Begin PBXProject section */
		50C3CF0A204F643100DFDA9C /* Project object */ = {
			isa = PBXProject;
			attributes = {
				LastSwiftUpdateCheck = 0920;
				LastUpgradeCheck = 0920;
				ORGANIZATIONNAME = "Mijeong Ban";
				TargetAttributes = {
					50C3CF11204F643100DFDA9C = {
						CreatedOnToolsVersion = 9.2;
						LastSwiftMigration = 0920;
						ProvisioningStyle = Automatic;
					};
				};
			};
			buildConfigurationList = 50C3CF0D204F643100DFDA9C /* Build configuration list for PBXProject "MyServer" */;
			compatibilityVersion = "Xcode 8.0";
			developmentRegion = en;
			hasScannedForEncodings = 0;
			knownRegions = (
				en,
			);
			mainGroup = 50C3CF09204F643100DFDA9C;
			productRefGroup = 50C3CF13204F643100DFDA9C /* Products */;
			projectDirPath = "";
			projectRoot = "";
			targets = (
				50C3CF11204F643100DFDA9C /* MyServer */,
			);
		};
/* End PBXProject section */

/* Begin PBXSourcesBuildPhase section */
		50C3CF0E204F643100DFDA9C /* Sources */ = {
			isa = PBXSourcesBuildPhase;
			buildActionMask = 2147483647;
			files = (
				50C3CF24204F659700DFDA9C /* UDPClient.swift in Sources */,
				50C3CF28204F659700DFDA9C /* Socket.swift in Sources */,
				50C3CF23204F659700DFDA9C /* yudpsocket.c in Sources */,
				50C3CF27204F659700DFDA9C /* TCPClient.swift in Sources */,
				50C3CF25204F659700DFDA9C /* Result.swift in Sources */,
				50C3CF16204F643100DFDA9C /* main.swift in Sources */,
				50C3CF26204F659700DFDA9C /* ytcpsocket.c in Sources */,
			);
			runOnlyForDeploymentPostprocessing = 0;
		};
/* End PBXSourcesBuildPhase section */

/* Begin XCBuildConfiguration section */
		50C3CF17204F643100DFDA9C /* Debug */ = {
			isa = XCBuildConfiguration;
			buildSettings = {
				ALWAYS_SEARCH_USER_PATHS = NO;
				CLANG_ANALYZER_NONNULL = YES;
				CLANG_ANALYZER_NUMBER_OBJECT_CONVERSION = YES_AGGRESSIVE;
				CLANG_CXX_LANGUAGE_STANDARD = "gnu++14";
				CLANG_CXX_LIBRARY = "libc++";
				CLANG_ENABLE_MODULES = YES;
				CLANG_ENABLE_OBJC_ARC = YES;
				CLANG_WARN_BLOCK_CAPTURE_AUTORELEASING = YES;
				CLANG_WARN_BOOL_CONVERSION = YES;
				CLANG_WARN_COMMA = YES;
				CLANG_WARN_CONSTANT_CONVERSION = YES;
				CLANG_WARN_DIRECT_OBJC_ISA_USAGE = YES_ERROR;
				CLANG_WARN_DOCUMENTATION_COMMENTS = YES;
				CLANG_WARN_EMPTY_BODY = YES;
				CLANG_WARN_ENUM_CONVERSION = YES;
				CLANG_WARN_INFINITE_RECURSION = YES;
				CLANG_WARN_INT_CONVERSION = YES;
				CLANG_WARN_NON_LITERAL_NULL_CONVERSION = YES;
				CLANG_WARN_OBJC_LITERAL_CONVERSION = YES;
				CLANG_WARN_OBJC_ROOT_CLASS = YES_ERROR;
				CLANG_WARN_RANGE_LOOP_ANALYSIS = YES;
				CLANG_WARN_STRICT_PROTOTYPES = YES;
				CLANG_WARN_SUSPICIOUS_MOVE = YES;
				CLANG_WARN_UNGUARDED_AVAILABILITY = YES_AGGRESSIVE;
				CLANG_WARN_UNREACHABLE_CODE = YES;
				CLANG_WARN__DUPLICATE_METHOD_MATCH = YES;
				CODE_SIGN_IDENTITY = "Mac Developer";
				COPY_PHASE_STRIP = NO;
				DEBUG_INFORMATION_FORMAT = dwarf;
				ENABLE_STRICT_OBJC_MSGSEND = YES;
				ENABLE_TESTABILITY = YES;
				GCC_C_LANGUAGE_STANDARD = gnu11;
				GCC_DYNAMIC_NO_PIC = NO;
				GCC_NO_COMMON_BLOCKS = YES;
				GCC_OPTIMIZATION_LEVEL = 0;
				GCC_PREPROCESSOR_DEFINITIONS = (
					"DEBUG=1",
					"$(inherited)",
				);
				GCC_WARN_64_TO_32_BIT_CONVERSION = YES;
				GCC_WARN_ABOUT_RETURN_TYPE = YES_ERROR;
				GCC_WARN_UNDECLARED_SELECTOR = YES;
				GCC_WARN_UNINITIALIZED_AUTOS = YES_AGGRESSIVE;
				GCC_WARN_UNUSED_FUNCTION = YES;
				GCC_WARN_UNUSED_VARIABLE = YES;
				MACOSX_DEPLOYMENT_TARGET = 10.13;
				MTL_ENABLE_DEBUG_INFO = YES;
				ONLY_ACTIVE_ARCH = YES;
				SDKROOT = macosx;
				SWIFT_ACTIVE_COMPILATION_CONDITIONS = DEBUG;
				SWIFT_OPTIMIZATION_LEVEL = "-Onone";
			};
			name = Debug;
		};
		50C3CF18204F643100DFDA9C /* Release */ = {
			isa = XCBuildConfiguration;
			buildSettings = {
				ALWAYS_SEARCH_USER_PATHS = NO;
				CLANG_ANALYZER_NONNULL = YES;
				CLANG_ANALYZER_NUMBER_OBJECT_CONVERSION = YES_AGGRESSIVE;
				CLANG_CXX_LANGUAGE_STANDARD = "gnu++14";
				CLANG_CXX_LIBRARY = "libc++";
				CLANG_ENABLE_MODULES = YES;
				CLANG_ENABLE_OBJC_ARC = YES;
				CLANG_WARN_BLOCK_CAPTURE_AUTORELEASING = YES;
				CLANG_WARN_BOOL_CONVERSION = YES;
				CLANG_WARN_COMMA = YES;
				CLANG_WARN_CONSTANT_CONVERSION = YES;
				CLANG_WARN_DIRECT_OBJC_ISA_USAGE = YES_ERROR;
				CLANG_WARN_DOCUMENTATION_COMMENTS = YES;
				CLANG_WARN_EMPTY_BODY = YES;
				CLANG_WARN_ENUM_CONVERSION = YES;
				CLANG_WARN_INFINITE_RECURSION = YES;
				CLANG_WARN_INT_CONVERSION = YES;
				CLANG_WARN_NON_LITERAL_NULL_CONVERSION = YES;
				CLANG_WARN_OBJC_LITERAL_CONVERSION = YES;
				CLANG_WARN_OBJC_ROOT_CLASS = YES_ERROR;
				CLANG_WARN_RANGE_LOOP_ANALYSIS = YES;
				CLANG_WARN_STRICT_PROTOTYPES = YES;
				CLANG_WARN_SUSPICIOUS_MOVE = YES;
				CLANG_WARN_UNGUARDED_AVAILABILITY = YES_AGGRESSIVE;
				CLANG_WARN_UNREACHABLE_CODE = YES;
				CLANG_WARN__DUPLICATE_METHOD_MATCH = YES;
				CODE_SIGN_IDENTITY = "Mac Developer";
				COPY_PHASE_STRIP = NO;
				DEBUG_INFORMATION_FORMAT = "dwarf-with-dsym";
				ENABLE_NS_ASSERTIONS = NO;
				ENABLE_STRICT_OBJC_MSGSEND = YES;
				GCC_C_LANGUAGE_STANDARD = gnu11;
				GCC_NO_COMMON_BLOCKS = YES;
				GCC_WARN_64_TO_32_BIT_CONVERSION = YES;
				GCC_WARN_ABOUT_RETURN_TYPE = YES_ERROR;
				GCC_WARN_UNDECLARED_SELECTOR = YES;
				GCC_WARN_UNINITIALIZED_AUTOS = YES_AGGRESSIVE;
				GCC_WARN_UNUSED_FUNCTION = YES;
				GCC_WARN_UNUSED_VARIABLE = YES;
				MACOSX_DEPLOYMENT_TARGET = 10.13;
				MTL_ENABLE_DEBUG_INFO = NO;
				SDKROOT = macosx;
				SWIFT_OPTIMIZATION_LEVEL = "-Owholemodule";
			};
			name = Release;
		};
		50C3CF1A204F643100DFDA9C /* Debug */ = {
			isa = XCBuildConfiguration;
			buildSettings = {
				CLANG_ENABLE_MODULES = YES;
				CODE_SIGN_STYLE = Automatic;
				DEVELOPMENT_TEAM = G9TJZWX6R7;
				LD_RUNPATH_SEARCH_PATHS = "$(inherited) @executable_path/../Frameworks @loader_path/../Frameworks";
				PRODUCT_NAME = "$(TARGET_NAME)";
				SWIFT_OPTIMIZATION_LEVEL = "-Onone";
				SWIFT_VERSION = 4.0;
			};
			name = Debug;
		};
		50C3CF1B204F643100DFDA9C /* Release */ = {
			isa = XCBuildConfiguration;
			buildSettings = {
				CLANG_ENABLE_MODULES = YES;
				CODE_SIGN_STYLE = Automatic;
				DEVELOPMENT_TEAM = G9TJZWX6R7;
				LD_RUNPATH_SEARCH_PATHS = "$(inherited) @executable_path/../Frameworks @loader_path/../Frameworks";
				PRODUCT_NAME = "$(TARGET_NAME)";
				SWIFT_VERSION = 4.0;
			};
			name = Release;
		};
/* End XCBuildConfiguration section */

/* Begin XCConfigurationList section */
		50C3CF0D204F643100DFDA9C /* Build configuration list for PBXProject "MyServer" */ = {
			isa = XCConfigurationList;
			buildConfigurations = (
				50C3CF17204F643100DFDA9C /* Debug */,
				50C3CF18204F643100DFDA9C /* Release */,
			);
			defaultConfigurationIsVisible = 0;
			defaultConfigurationName = Release;
		};
		50C3CF19204F643100DFDA9C /* Build configuration list for PBXNativeTarget "MyServer" */ = {
			isa = XCConfigurationList;
			buildConfigurations = (
				50C3CF1A204F643100DFDA9C /* Debug */,
				50C3CF1B204F643100DFDA9C /* Release */,
			);
			defaultConfigurationIsVisible = 0;
			defaultConfigurationName = Release;
		};
/* End XCConfigurationList section */
	};
	rootObject = 50C3CF0A204F643100DFDA9C /* Project object */;
}
