// !$*UTF8*$!
{
	archiveVersion = 1;
	classes = {
	};
	objectVersion = 48;
	objects = {

/* Begin PBXBuildFile section */
		50D5AD67206290F700E1AA08 /* AppDelegate.swift in Sources */ = {isa = PBXBuildFile; fileRef = 50D5AD66206290F700E1AA08 /* AppDelegate.swift */; };
		50D5AD69206290F700E1AA08 /* ViewController.swift in Sources */ = {isa = PBXBuildFile; fileRef = 50D5AD68206290F700E1AA08 /* ViewController.swift */; };
		50D5AD6C206290F700E1AA08 /* Main.storyboard in Resources */ = {isa = PBXBuildFile; fileRef = 50D5AD6A206290F700E1AA08 /* Main.storyboard */; };
		50D5AD6E206290F700E1AA08 /* Assets.xcassets in Resources */ = {isa = PBXBuildFile; fileRef = 50D5AD6D206290F700E1AA08 /* Assets.xcassets */; };
		50D5AD71206290F700E1AA08 /* LaunchScreen.storyboard in Resources */ = {isa = PBXBuildFile; fileRef = 50D5AD6F206290F700E1AA08 /* LaunchScreen.storyboard */; };
		50D5AD79206291C900E1AA08 /* TableViewController.swift in Sources */ = {isa = PBXBuildFile; fileRef = 50D5AD78206291C900E1AA08 /* TableViewController.swift */; };
		50D5AD7B20634CC800E1AA08 /* ShowFile.swift in Sources */ = {isa = PBXBuildFile; fileRef = 50D5AD7A20634CC800E1AA08 /* ShowFile.swift */; };
/* End PBXBuildFile section */

/* Begin PBXFileReference section */
		50D5AD63206290F700E1AA08 /* AirDrop.app */ = {isa = PBXFileReference; explicitFileType = wrapper.application; includeInIndex = 0; path = AirDrop.app; sourceTree = BUILT_PRODUCTS_DIR; };
		50D5AD66206290F700E1AA08 /* AppDelegate.swift */ = {isa = PBXFileReference; lastKnownFileType = sourcecode.swift; path = AppDelegate.swift; sourceTree = "<group>"; };
		50D5AD68206290F700E1AA08 /* ViewController.swift */ = {isa = PBXFileReference; lastKnownFileType = sourcecode.swift; path = ViewController.swift; sourceTree = "<group>"; };
		50D5AD6B206290F700E1AA08 /* Base */ = {isa = PBXFileReference; lastKnownFileType = file.storyboard; name = Base; path = Base.lproj/Main.storyboard; sourceTree = "<group>"; };
		50D5AD6D206290F700E1AA08 /* Assets.xcassets */ = {isa = PBXFileReference; lastKnownFileType = folder.assetcatalog; path = Assets.xcassets; sourceTree = "<group>"; };
		50D5AD70206290F700E1AA08 /* Base */ = {isa = PBXFileReference; lastKnownFileType = file.storyboard; name = Base; path = Base.lproj/LaunchScreen.storyboard; sourceTree = "<group>"; };
		50D5AD72206290F700E1AA08 /* Info.plist */ = {isa = PBXFileReference; lastKnownFileType = text.plist.xml; path = Info.plist; sourceTree = "<group>"; };
		50D5AD78206291C900E1AA08 /* TableViewController.swift */ = {isa = PBXFileReference; lastKnownFileType = sourcecode.swift; path = TableViewController.swift; sourceTree = "<group>"; };
		50D5AD7A20634CC800E1AA08 /* ShowFile.swift */ = {isa = PBXFileReference; lastKnownFileType = sourcecode.swift; path = ShowFile.swift; sourceTree = "<group>"; };
/* End PBXFileReference section */

/* Begin PBXFrameworksBuildPhase section */
		50D5AD60206290F700E1AA08 /* Frameworks */ = {
			isa = PBXFrameworksBuildPhase;
			buildActionMask = 2147483647;
			files = (
			);
			runOnlyForDeploymentPostprocessing = 0;
		};
/* End PBXFrameworksBuildPhase section */

/* Begin PBXGroup section */
		50D5AD5A206290F700E1AA08 = {
			isa = PBXGroup;
			children = (
				50D5AD65206290F700E1AA08 /* AirDrop */,
				50D5AD64206290F700E1AA08 /* Products */,
			);
			sourceTree = "<group>";
		};
		50D5AD64206290F700E1AA08 /* Products */ = {
			isa = PBXGroup;
			children = (
				50D5AD63206290F700E1AA08 /* AirDrop.app */,
			);
			name = Products;
			sourceTree = "<group>";
		};
		50D5AD65206290F700E1AA08 /* AirDrop */ = {
			isa = PBXGroup;
			children = (
				50D5AD66206290F700E1AA08 /* AppDelegate.swift */,
				50D5AD68206290F700E1AA08 /* ViewController.swift */,
				50D5AD6A206290F700E1AA08 /* Main.storyboard */,
				50D5AD78206291C900E1AA08 /* TableViewController.swift */,
				50D5AD6D206290F700E1AA08 /* Assets.xcassets */,
				50D5AD6F206290F700E1AA08 /* LaunchScreen.storyboard */,
				50D5AD72206290F700E1AA08 /* Info.plist */,
				50D5AD7A20634CC800E1AA08 /* ShowFile.swift */,
			);
			path = AirDrop;
			sourceTree = "<group>";
		};
/* End PBXGroup section */

/* Begin PBXNativeTarget section */
		50D5AD62206290F700E1AA08 /* AirDrop */ = {
			isa = PBXNativeTarget;
			buildConfigurationList = 50D5AD75206290F700E1AA08 /* Build configuration list for PBXNativeTarget "AirDrop" */;
			buildPhases = (
				50D5AD5F206290F700E1AA08 /* Sources */,
				50D5AD60206290F700E1AA08 /* Frameworks */,
				50D5AD61206290F700E1AA08 /* Resources */,
			);
			buildRules = (
			);
			dependencies = (
			);
			name = AirDrop;
			productName = AirDrop;
			productReference = 50D5AD63206290F700E1AA08 /* AirDrop.app */;
			productType = "com.apple.product-type.application";
		};
/* End PBXNativeTarget section */

/* Begin PBXProject section */
		50D5AD5B206290F700E1AA08 /* Project object */ = {
			isa = PBXProject;
			attributes = {
				LastSwiftUpdateCheck = 0920;
				LastUpgradeCheck = 0920;
				ORGANIZATIONNAME = "Mijeong Ban";
				TargetAttributes = {
					50D5AD62206290F700E1AA08 = {
						CreatedOnToolsVersion = 9.2;
						ProvisioningStyle = Automatic;
					};
				};
			};
			buildConfigurationList = 50D5AD5E206290F700E1AA08 /* Build configuration list for PBXProject "AirDrop" */;
			compatibilityVersion = "Xcode 8.0";
			developmentRegion = en;
			hasScannedForEncodings = 0;
			knownRegions = (
				en,
				Base,
			);
			mainGroup = 50D5AD5A206290F700E1AA08;
			productRefGroup = 50D5AD64206290F700E1AA08 /* Products */;
			projectDirPath = "";
			projectRoot = "";
			targets = (
				50D5AD62206290F700E1AA08 /* AirDrop */,
			);
		};
/* End PBXProject section */

/* Begin PBXResourcesBuildPhase section */
		50D5AD61206290F700E1AA08 /* Resources */ = {
			isa = PBXResourcesBuildPhase;
			buildActionMask = 2147483647;
			files = (
				50D5AD71206290F700E1AA08 /* LaunchScreen.storyboard in Resources */,
				50D5AD6E206290F700E1AA08 /* Assets.xcassets in Resources */,
				50D5AD6C206290F700E1AA08 /* Main.storyboard in Resources */,
			);
			runOnlyForDeploymentPostprocessing = 0;
		};
/* End PBXResourcesBuildPhase section */

/* Begin PBXSourcesBuildPhase section */
		50D5AD5F206290F700E1AA08 /* Sources */ = {
			isa = PBXSourcesBuildPhase;
			buildActionMask = 2147483647;
			files = (
				50D5AD69206290F700E1AA08 /* ViewController.swift in Sources */,
				50D5AD79206291C900E1AA08 /* TableViewController.swift in Sources */,
				50D5AD7B20634CC800E1AA08 /* ShowFile.swift in Sources */,
				50D5AD67206290F700E1AA08 /* AppDelegate.swift in Sources */,
			);
			runOnlyForDeploymentPostprocessing = 0;
		};
/* End PBXSourcesBuildPhase section */

/* Begin PBXVariantGroup section */
		50D5AD6A206290F700E1AA08 /* Main.storyboard */ = {
			isa = PBXVariantGroup;
			children = (
				50D5AD6B206290F700E1AA08 /* Base */,
			);
			name = Main.storyboard;
			sourceTree = "<group>";
		};
		50D5AD6F206290F700E1AA08 /* LaunchScreen.storyboard */ = {
			isa = PBXVariantGroup;
			children = (
				50D5AD70206290F700E1AA08 /* Base */,
			);
			name = LaunchScreen.storyboard;
			sourceTree = "<group>";
		};
/* End PBXVariantGroup section */

/* Begin XCBuildConfiguration section */
		50D5AD73206290F700E1AA08 /* Debug */ = {
			isa = XCBuildConfiguration;
			buildSettings = {
				ALWAYS_SEARCH_USER_PATHS = NO;
				CLANG_ANALYZER_NONNULL = YES;
				CLANG_ANALYZER_NUMBER_OBJECT_CONVERSION = YES_AGGRESSIVE;
				CLANG_CXX_LANGUAGE_STANDARD = "gnu++14";
				CLANG_CXX_LIBRARY = "libc++";
				CLANG_ENABLE_MODULES = YES;
				CLANG_ENABLE_OBJC_ARC = YES;
				CLANG_WARN_BLOCK_CAPTURE_AUTORELEASING = YES;
				CLANG_WARN_BOOL_CONVERSION = YES;
				CLANG_WARN_COMMA = YES;
				CLANG_WARN_CONSTANT_CONVERSION = YES;
				CLANG_WARN_DIRECT_OBJC_ISA_USAGE = YES_ERROR;
				CLANG_WARN_DOCUMENTATION_COMMENTS = YES;
				CLANG_WARN_EMPTY_BODY = YES;
				CLANG_WARN_ENUM_CONVERSION = YES;
				CLANG_WARN_INFINITE_RECURSION = YES;
				CLANG_WARN_INT_CONVERSION = YES;
				CLANG_WARN_NON_LITERAL_NULL_CONVERSION = YES;
				CLANG_WARN_OBJC_LITERAL_CONVERSION = YES;
				CLANG_WARN_OBJC_ROOT_CLASS = YES_ERROR;
				CLANG_WARN_RANGE_LOOP_ANALYSIS = YES;
				CLANG_WARN_STRICT_PROTOTYPES = YES;
				CLANG_WARN_SUSPICIOUS_MOVE = YES;
				CLANG_WARN_UNGUARDED_AVAILABILITY = YES_AGGRESSIVE;
				CLANG_WARN_UNREACHABLE_CODE = YES;
				CLANG_WARN__DUPLICATE_METHOD_MATCH = YES;
				CODE_SIGN_IDENTITY = "iPhone Developer";
				COPY_PHASE_STRIP = NO;
				DEBUG_INFORMATION_FORMAT = dwarf;
				ENABLE_STRICT_OBJC_MSGSEND = YES;
				ENABLE_TESTABILITY = YES;
				GCC_C_LANGUAGE_STANDARD = gnu11;
				GCC_DYNAMIC_NO_PIC = NO;
				GCC_NO_COMMON_BLOCKS = YES;
				GCC_OPTIMIZATION_LEVEL = 0;
				GCC_PREPROCESSOR_DEFINITIONS = (
					"DEBUG=1",
					"$(inherited)",
				);
				GCC_WARN_64_TO_32_BIT_CONVERSION = YES;
				GCC_WARN_ABOUT_RETURN_TYPE = YES_ERROR;
				GCC_WARN_UNDECLARED_SELECTOR = YES;
				GCC_WARN_UNINITIALIZED_AUTOS = YES_AGGRESSIVE;
				GCC_WARN_UNUSED_FUNCTION = YES;
				GCC_WARN_UNUSED_VARIABLE = YES;
				IPHONEOS_DEPLOYMENT_TARGET = 11.2;
				MTL_ENABLE_DEBUG_INFO = YES;
				ONLY_ACTIVE_ARCH = YES;
				SDKROOT = iphoneos;
				SWIFT_ACTIVE_COMPILATION_CONDITIONS = DEBUG;
				SWIFT_OPTIMIZATION_LEVEL = "-Onone";
			};
			name = Debug;
		};
		50D5AD74206290F700E1AA08 /* Release */ = {
			isa = XCBuildConfiguration;
			buildSettings = {
				ALWAYS_SEARCH_USER_PATHS = NO;
				CLANG_ANALYZER_NONNULL = YES;
				CLANG_ANALYZER_NUMBER_OBJECT_CONVERSION = YES_AGGRESSIVE;
				CLANG_CXX_LANGUAGE_STANDARD = "gnu++14";
				CLANG_CXX_LIBRARY = "libc++";
				CLANG_ENABLE_MODULES = YES;
				CLANG_ENABLE_OBJC_ARC = YES;
				CLANG_WARN_BLOCK_CAPTURE_AUTORELEASING = YES;
				CLANG_WARN_BOOL_CONVERSION = YES;
				CLANG_WARN_COMMA = YES;
				CLANG_WARN_CONSTANT_CONVERSION = YES;
				CLANG_WARN_DIRECT_OBJC_ISA_USAGE = YES_ERROR;
				CLANG_WARN_DOCUMENTATION_COMMENTS = YES;
				CLANG_WARN_EMPTY_BODY = YES;
				CLANG_WARN_ENUM_CONVERSION = YES;
				CLANG_WARN_INFINITE_RECURSION = YES;
				CLANG_WARN_INT_CONVERSION = YES;
				CLANG_WARN_NON_LITERAL_NULL_CONVERSION = YES;
				CLANG_WARN_OBJC_LITERAL_CONVERSION = YES;
				CLANG_WARN_OBJC_ROOT_CLASS = YES_ERROR;
				CLANG_WARN_RANGE_LOOP_ANALYSIS = YES;
				CLANG_WARN_STRICT_PROTOTYPES = YES;
				CLANG_WARN_SUSPICIOUS_MOVE = YES;
				CLANG_WARN_UNGUARDED_AVAILABILITY = YES_AGGRESSIVE;
				CLANG_WARN_UNREACHABLE_CODE = YES;
				CLANG_WARN__DUPLICATE_METHOD_MATCH = YES;
				CODE_SIGN_IDENTITY = "iPhone Developer";
				COPY_PHASE_STRIP = NO;
				DEBUG_INFORMATION_FORMAT = "dwarf-with-dsym";
				ENABLE_NS_ASSERTIONS = NO;
				ENABLE_STRICT_OBJC_MSGSEND = YES;
				GCC_C_LANGUAGE_STANDARD = gnu11;
				GCC_NO_COMMON_BLOCKS = YES;
				GCC_WARN_64_TO_32_BIT_CONVERSION = YES;
				GCC_WARN_ABOUT_RETURN_TYPE = YES_ERROR;
				GCC_WARN_UNDECLARED_SELECTOR = YES;
				GCC_WARN_UNINITIALIZED_AUTOS = YES_AGGRESSIVE;
				GCC_WARN_UNUSED_FUNCTION = YES;
				GCC_WARN_UNUSED_VARIABLE = YES;
				IPHONEOS_DEPLOYMENT_TARGET = 11.2;
				MTL_ENABLE_DEBUG_INFO = NO;
				SDKROOT = iphoneos;
				SWIFT_OPTIMIZATION_LEVEL = "-Owholemodule";
				VALIDATE_PRODUCT = YES;
			};
			name = Release;
		};
		50D5AD76206290F700E1AA08 /* Debug */ = {
			isa = XCBuildConfiguration;
			buildSettings = {
				ASSETCATALOG_COMPILER_APPICON_NAME = AppIcon;
				CODE_SIGN_STYLE = Automatic;
				DEVELOPMENT_TEAM = G9TJZWX6R7;
				INFOPLIST_FILE = AirDrop/Info.plist;
				LD_RUNPATH_SEARCH_PATHS = "$(inherited) @executable_path/Frameworks";
				PRODUCT_BUNDLE_IDENTIFIER = com.mijeongban.AirDrop;
				PRODUCT_NAME = "$(TARGET_NAME)";
				SWIFT_VERSION = 4.0;
				TARGETED_DEVICE_FAMILY = "1,2";
			};
			name = Debug;
		};
		50D5AD77206290F700E1AA08 /* Release */ = {
			isa = XCBuildConfiguration;
			buildSettings = {
				ASSETCATALOG_COMPILER_APPICON_NAME = AppIcon;
				CODE_SIGN_STYLE = Automatic;
				DEVELOPMENT_TEAM = G9TJZWX6R7;
				INFOPLIST_FILE = AirDrop/Info.plist;
				LD_RUNPATH_SEARCH_PATHS = "$(inherited) @executable_path/Frameworks";
				PRODUCT_BUNDLE_IDENTIFIER = com.mijeongban.AirDrop;
				PRODUCT_NAME = "$(TARGET_NAME)";
				SWIFT_VERSION = 4.0;
				TARGETED_DEVICE_FAMILY = "1,2";
			};
			name = Release;
		};
/* End XCBuildConfiguration section */

/* Begin XCConfigurationList section */
		50D5AD5E206290F700E1AA08 /* Build configuration list for PBXProject "AirDrop" */ = {
			isa = XCConfigurationList;
			buildConfigurations = (
				50D5AD73206290F700E1AA08 /* Debug */,
				50D5AD74206290F700E1AA08 /* Release */,
			);
			defaultConfigurationIsVisible = 0;
			defaultConfigurationName = Release;
		};
		50D5AD75206290F700E1AA08 /* Build configuration list for PBXNativeTarget "AirDrop" */ = {
			isa = XCConfigurationList;
			buildConfigurations = (
				50D5AD76206290F700E1AA08 /* Debug */,
				50D5AD77206290F700E1AA08 /* Release */,
			);
			defaultConfigurationIsVisible = 0;
			defaultConfigurationName = Release;
		};
/* End XCConfigurationList section */
	};
	rootObject = 50D5AD5B206290F700E1AA08 /* Project object */;
}
